
Microsoft Visual Studio Solution File, Format Version 12.00
# Visual Studio Version 17
VisualStudioVersion = 17.5.33502.453
MinimumVisualStudioVersion = 10.0.40219.1
Project("{9A19103F-16F7-4668-BE54-9A1E7A4F7556}") = "PlatformService", "PlatformService\PlatformService.csproj", "{B16F7F77-BC67-4CDE-82C2-6C23DB816299}"
EndProject
Project("{9A19103F-16F7-4668-BE54-9A1E7A4F7556}") = "CommandsService", "CommandsService\CommandsService.csproj", "{0D0A6E70-97ED-4968-89F8-AF1DF5DDCD79}"
EndProject
Project("{2150E333-8FDC-42A3-9474-1A3956D46DE8}") = "Solution Items", "Solution Items", "{A362620A-D0E1-411B-8E28-B7419B675B2D}"
	ProjectSection(SolutionItems) = preProject
		K8S\commands-depl.yaml = K8S\commands-depl.yaml
		K8S\ingress-srv.yaml = K8S\ingress-srv.yaml
		K8S\local-pvc.yaml = K8S\local-pvc.yaml
		K8S\mssql-plat-depl.yaml = K8S\mssql-plat-depl.yaml
		K8S\platforms-depl.yaml = K8S\platforms-depl.yaml
		K8S\platforms-np-srv.yaml = K8S\platforms-np-srv.yaml
		K8S\rabbitmq-depl.yaml = K8S\rabbitmq-depl.yaml
	EndProjectSection
EndProject
Global
	GlobalSection(SolutionConfigurationPlatforms) = preSolution
		Debug|Any CPU = Debug|Any CPU
		Release|Any CPU = Release|Any CPU
	EndGlobalSection
	GlobalSection(ProjectConfigurationPlatforms) = postSolution
		{B16F7F77-BC67-4CDE-82C2-6C23DB816299}.Debug|Any CPU.ActiveCfg = Debug|Any CPU
		{B16F7F77-BC67-4CDE-82C2-6C23DB816299}.Debug|Any CPU.Build.0 = Debug|Any CPU
		{B16F7F77-BC67-4CDE-82C2-6C23DB816299}.Release|Any CPU.ActiveCfg = Release|Any CPU
		{B16F7F77-BC67-4CDE-82C2-6C23DB816299}.Release|Any CPU.Build.0 = Release|Any CPU
		{0D0A6E70-97ED-4968-89F8-AF1DF5DDCD79}.Debug|Any CPU.ActiveCfg = Debug|Any CPU
		{0D0A6E70-97ED-4968-89F8-AF1DF5DDCD79}.Debug|Any CPU.Build.0 = Debug|Any CPU
		{0D0A6E70-97ED-4968-89F8-AF1DF5DDCD79}.Release|Any CPU.ActiveCfg = Release|Any CPU
		{0D0A6E70-97ED-4968-89F8-AF1DF5DDCD79}.Release|Any CPU.Build.0 = Release|Any CPU
	EndGlobalSection
	GlobalSection(SolutionProperties) = preSolution
		HideSolutionNode = FALSE
	EndGlobalSection
	GlobalSection(ExtensibilityGlobals) = postSolution
		SolutionGuid = {D4B6B938-702D-49E0-A66C-3EA21A589DA3}
	EndGlobalSection
EndGlobal
